
Microsoft Visual Studio Solution File, Format Version 12.00
# Visual Studio Version 17
VisualStudioVersion = 17.0.31903.59
MinimumVisualStudioVersion = 10.0.40219.1
Project("{FAE04EC0-301F-11D3-BF4B-00C04F79EFBC}") = "POC.Docker.Scale", "POC.Docker.Scale\POC.Docker.Scale.csproj", "{D9888010-2655-49C3-AB85-D5945073CB29}"
EndProject
Global
	GlobalSection(SolutionConfigurationPlatforms) = preSolution
		Debug|Any CPU = Debug|Any CPU
		Release|Any CPU = Release|Any CPU
	EndGlobalSection
	GlobalSection(ProjectConfigurationPlatforms) = postSolution
		{D9888010-2655-49C3-AB85-D5945073CB29}.Debug|Any CPU.ActiveCfg = Debug|Any CPU
		{D9888010-2655-49C3-AB85-D5945073CB29}.Debug|Any CPU.Build.0 = Debug|Any CPU
		{D9888010-2655-49C3-AB85-D5945073CB29}.Release|Any CPU.ActiveCfg = Release|Any CPU
		{D9888010-2655-49C3-AB85-D5945073CB29}.Release|Any CPU.Build.0 = Release|Any CPU
	EndGlobalSection
	GlobalSection(SolutionProperties) = preSolution
		HideSolutionNode = FALSE
	EndGlobalSection
	GlobalSection(ExtensibilityGlobals) = postSolution
		SolutionGuid = {418EBC36-AC04-4D4D-9B14-1D2199F44C50}
	EndGlobalSection
EndGlobal
